
Microsoft Visual Studio Solution File, Format Version 12.00
# Visual Studio 15
VisualStudioVersion = 15.0.27130.2003
MinimumVisualStudioVersion = 10.0.40219.1
Project("{FAE04EC0-301F-11D3-BF4B-00C04F79EFBC}") = "YazLab1Sunucu", "YazLab1Sunucu\YazLab1Sunucu.csproj", "{CE2E6DAC-D22B-4B39-9A1B-9C385D84A013}"
EndProject
Global
	GlobalSection(SolutionConfigurationPlatforms) = preSolution
		Debug|Any CPU = Debug|Any CPU
		Release|Any CPU = Release|Any CPU
	EndGlobalSection
	GlobalSection(ProjectConfigurationPlatforms) = postSolution
		{CE2E6DAC-D22B-4B39-9A1B-9C385D84A013}.Debug|Any CPU.ActiveCfg = Debug|Any CPU
		{CE2E6DAC-D22B-4B39-9A1B-9C385D84A013}.Debug|Any CPU.Build.0 = Debug|Any CPU
		{CE2E6DAC-D22B-4B39-9A1B-9C385D84A013}.Release|Any CPU.ActiveCfg = Release|Any CPU
		{CE2E6DAC-D22B-4B39-9A1B-9C385D84A013}.Release|Any CPU.Build.0 = Release|Any CPU
	EndGlobalSection
	GlobalSection(SolutionProperties) = preSolution
		HideSolutionNode = FALSE
	EndGlobalSection
	GlobalSection(ExtensibilityGlobals) = postSolution
		SolutionGuid = {E9C035A5-774B-4BF9-BF57-4D829F8AED98}
	EndGlobalSection
EndGlobal
